// !$*UTF8*$!
{
	archiveVersion = 1;
	classes = {
	};
	objectVersion = 56;
	objects = {

/* Begin PBXBuildFile section */
		411858FD2CBAE37800EFBA1B /* SwiftUIAnimationCourseApp.swift in Sources */ = {isa = PBXBuildFile; fileRef = 411858FC2CBAE37800EFBA1B /* SwiftUIAnimationCourseApp.swift */; };
		411858FF2CBAE37800EFBA1B /* HomeView.swift in Sources */ = {isa = PBXBuildFile; fileRef = 411858FE2CBAE37800EFBA1B /* HomeView.swift */; };
		411859012CBAE37A00EFBA1B /* Assets.xcassets in Resources */ = {isa = PBXBuildFile; fileRef = 411859002CBAE37A00EFBA1B /* Assets.xcassets */; };
		411859042CBAE37A00EFBA1B /* Preview Assets.xcassets in Resources */ = {isa = PBXBuildFile; fileRef = 411859032CBAE37A00EFBA1B /* Preview Assets.xcassets */; };
		411859102CBAE86E00EFBA1B /* AnimationChapterTyp.swift in Sources */ = {isa = PBXBuildFile; fileRef = 4118590F2CBAE86E00EFBA1B /* AnimationChapterTyp.swift */; };
		411859122CBAE8D400EFBA1B /* AnimationChapterModel.swift in Sources */ = {isa = PBXBuildFile; fileRef = 411859112CBAE8D400EFBA1B /* AnimationChapterModel.swift */; };
		411859142CBAE93F00EFBA1B /* HomeViewModel.swift in Sources */ = {isa = PBXBuildFile; fileRef = 411859132CBAE93F00EFBA1B /* HomeViewModel.swift */; };
		411859162CBAE9E400EFBA1B /* ChapterListViewModel.swift in Sources */ = {isa = PBXBuildFile; fileRef = 411859152CBAE9E400EFBA1B /* ChapterListViewModel.swift */; };
		411859192CBAEB0F00EFBA1B /* ChapterListView.swift in Sources */ = {isa = PBXBuildFile; fileRef = 411859182CBAEB0F00EFBA1B /* ChapterListView.swift */; };
		4118591B2CBAED9900EFBA1B /* ChapterViewFactory.swift in Sources */ = {isa = PBXBuildFile; fileRef = 4118591A2CBAED9900EFBA1B /* ChapterViewFactory.swift */; };
		4118591D2CBAF05100EFBA1B /* ChapterCardView.swift in Sources */ = {isa = PBXBuildFile; fileRef = 4118591C2CBAF05100EFBA1B /* ChapterCardView.swift */; };
		411859202CBAFA8400EFBA1B /* AppRoute.swift in Sources */ = {isa = PBXBuildFile; fileRef = 4118591F2CBAFA8400EFBA1B /* AppRoute.swift */; };
		411859222CBAFAB600EFBA1B /* AppRouter.swift in Sources */ = {isa = PBXBuildFile; fileRef = 411859212CBAFAB600EFBA1B /* AppRouter.swift */; };
		411859262CBB0A6100EFBA1B /* BreathingAnimationExampleView.swift in Sources */ = {isa = PBXBuildFile; fileRef = 411859252CBB0A6100EFBA1B /* BreathingAnimationExampleView.swift */; };
		411859282CBB107500EFBA1B /* BreathingAnimatingView.swift in Sources */ = {isa = PBXBuildFile; fileRef = 411859272CBB107500EFBA1B /* BreathingAnimatingView.swift */; };
		4118592B2CBB235900EFBA1B /* RecordPlayerAnimationExample.swift in Sources */ = {isa = PBXBuildFile; fileRef = 4118592A2CBB235900EFBA1B /* RecordPlayerAnimationExample.swift */; };
		4118592E2CBB242C00EFBA1B /* RecordPlayerBoxView.swift in Sources */ = {isa = PBXBuildFile; fileRef = 4118592D2CBB242C00EFBA1B /* RecordPlayerBoxView.swift */; };
		411859302CBB257A00EFBA1B /* RecordView.swift in Sources */ = {isa = PBXBuildFile; fileRef = 4118592F2CBB257A00EFBA1B /* RecordView.swift */; };
		411859322CBB263400EFBA1B /* RecordArmView.swift in Sources */ = {isa = PBXBuildFile; fileRef = 411859312CBB263400EFBA1B /* RecordArmView.swift */; };
		411859342CBB2B9E00EFBA1B /* AudioPlayer.swift in Sources */ = {isa = PBXBuildFile; fileRef = 411859332CBB2B9E00EFBA1B /* AudioPlayer.swift */; };
		411859352CBB2F8500EFBA1B /* music.m4a in Resources */ = {isa = PBXBuildFile; fileRef = 4118592C2CBB23F100EFBA1B /* music.m4a */; };
/* End PBXBuildFile section */

/* Begin PBXFileReference section */
		411858F92CBAE37800EFBA1B /* SwiftUIAnimationCourse.app */ = {isa = PBXFileReference; explicitFileType = wrapper.application; includeInIndex = 0; path = SwiftUIAnimationCourse.app; sourceTree = BUILT_PRODUCTS_DIR; };
		411858FC2CBAE37800EFBA1B /* SwiftUIAnimationCourseApp.swift */ = {isa = PBXFileReference; lastKnownFileType = sourcecode.swift; path = SwiftUIAnimationCourseApp.swift; sourceTree = "<group>"; };
		411858FE2CBAE37800EFBA1B /* HomeView.swift */ = {isa = PBXFileReference; lastKnownFileType = sourcecode.swift; path = HomeView.swift; sourceTree = "<group>"; };
		411859002CBAE37A00EFBA1B /* Assets.xcassets */ = {isa = PBXFileReference; lastKnownFileType = folder.assetcatalog; path = Assets.xcassets; sourceTree = "<group>"; };
		411859032CBAE37A00EFBA1B /* Preview Assets.xcassets */ = {isa = PBXFileReference; lastKnownFileType = folder.assetcatalog; path = "Preview Assets.xcassets"; sourceTree = "<group>"; };
		4118590F2CBAE86E00EFBA1B /* AnimationChapterTyp.swift */ = {isa = PBXFileReference; lastKnownFileType = sourcecode.swift; path = AnimationChapterTyp.swift; sourceTree = "<group>"; };
		411859112CBAE8D400EFBA1B /* AnimationChapterModel.swift */ = {isa = PBXFileReference; lastKnownFileType = sourcecode.swift; path = AnimationChapterModel.swift; sourceTree = "<group>"; };
		411859132CBAE93F00EFBA1B /* HomeViewModel.swift */ = {isa = PBXFileReference; lastKnownFileType = sourcecode.swift; path = HomeViewModel.swift; sourceTree = "<group>"; };
		411859152CBAE9E400EFBA1B /* ChapterListViewModel.swift */ = {isa = PBXFileReference; lastKnownFileType = sourcecode.swift; path = ChapterListViewModel.swift; sourceTree = "<group>"; };
		411859182CBAEB0F00EFBA1B /* ChapterListView.swift */ = {isa = PBXFileReference; lastKnownFileType = sourcecode.swift; path = ChapterListView.swift; sourceTree = "<group>"; };
		4118591A2CBAED9900EFBA1B /* ChapterViewFactory.swift */ = {isa = PBXFileReference; lastKnownFileType = sourcecode.swift; path = ChapterViewFactory.swift; sourceTree = "<group>"; };
		4118591C2CBAF05100EFBA1B /* ChapterCardView.swift */ = {isa = PBXFileReference; lastKnownFileType = sourcecode.swift; path = ChapterCardView.swift; sourceTree = "<group>"; };
		4118591F2CBAFA8400EFBA1B /* AppRoute.swift */ = {isa = PBXFileReference; lastKnownFileType = sourcecode.swift; path = AppRoute.swift; sourceTree = "<group>"; };
		411859212CBAFAB600EFBA1B /* AppRouter.swift */ = {isa = PBXFileReference; lastKnownFileType = sourcecode.swift; path = AppRouter.swift; sourceTree = "<group>"; };
		411859252CBB0A6100EFBA1B /* BreathingAnimationExampleView.swift */ = {isa = PBXFileReference; lastKnownFileType = sourcecode.swift; path = BreathingAnimationExampleView.swift; sourceTree = "<group>"; };
		411859272CBB107500EFBA1B /* BreathingAnimatingView.swift */ = {isa = PBXFileReference; lastKnownFileType = sourcecode.swift; path = BreathingAnimatingView.swift; sourceTree = "<group>"; };
		4118592A2CBB235900EFBA1B /* RecordPlayerAnimationExample.swift */ = {isa = PBXFileReference; lastKnownFileType = sourcecode.swift; path = RecordPlayerAnimationExample.swift; sourceTree = "<group>"; };
		4118592C2CBB23F100EFBA1B /* music.m4a */ = {isa = PBXFileReference; lastKnownFileType = file; path = music.m4a; sourceTree = "<group>"; };
		4118592D2CBB242C00EFBA1B /* RecordPlayerBoxView.swift */ = {isa = PBXFileReference; lastKnownFileType = sourcecode.swift; path = RecordPlayerBoxView.swift; sourceTree = "<group>"; };
		4118592F2CBB257A00EFBA1B /* RecordView.swift */ = {isa = PBXFileReference; lastKnownFileType = sourcecode.swift; path = RecordView.swift; sourceTree = "<group>"; };
		411859312CBB263400EFBA1B /* RecordArmView.swift */ = {isa = PBXFileReference; lastKnownFileType = sourcecode.swift; path = RecordArmView.swift; sourceTree = "<group>"; };
		411859332CBB2B9E00EFBA1B /* AudioPlayer.swift */ = {isa = PBXFileReference; lastKnownFileType = sourcecode.swift; path = AudioPlayer.swift; sourceTree = "<group>"; };
/* End PBXFileReference section */

/* Begin PBXFrameworksBuildPhase section */
		411858F62CBAE37800EFBA1B /* Frameworks */ = {
			isa = PBXFrameworksBuildPhase;
			buildActionMask = 2147483647;
			files = (
			);
			runOnlyForDeploymentPostprocessing = 0;
		};
/* End PBXFrameworksBuildPhase section */

/* Begin PBXGroup section */
		411858F02CBAE37800EFBA1B = {
			isa = PBXGroup;
			children = (
				411858FB2CBAE37800EFBA1B /* SwiftUIAnimationCourse */,
				411858FA2CBAE37800EFBA1B /* Products */,
			);
			sourceTree = "<group>";
		};
		411858FA2CBAE37800EFBA1B /* Products */ = {
			isa = PBXGroup;
			children = (
				411858F92CBAE37800EFBA1B /* SwiftUIAnimationCourse.app */,
			);
			name = Products;
			sourceTree = "<group>";
		};
		411858FB2CBAE37800EFBA1B /* SwiftUIAnimationCourse */ = {
			isa = PBXGroup;
			children = (
				4118591E2CBAFA6700EFBA1B /* Router */,
				4118590A2CBAE43900EFBA1B /* App */,
				4118590C2CBAE5E400EFBA1B /* Models */,
				4118590B2CBAE4C300EFBA1B /* SupportingFiles */,
				4118590D2CBAE5EB00EFBA1B /* ViewModels */,
				4118590E2CBAE5F100EFBA1B /* Views */,
			);
			path = SwiftUIAnimationCourse;
			sourceTree = "<group>";
		};
		411859022CBAE37A00EFBA1B /* Preview Content */ = {
			isa = PBXGroup;
			children = (
				411859032CBAE37A00EFBA1B /* Preview Assets.xcassets */,
			);
			path = "Preview Content";
			sourceTree = "<group>";
		};
		4118590A2CBAE43900EFBA1B /* App */ = {
			isa = PBXGroup;
			children = (
				411858FC2CBAE37800EFBA1B /* SwiftUIAnimationCourseApp.swift */,
			);
			path = App;
			sourceTree = "<group>";
		};
		4118590B2CBAE4C300EFBA1B /* SupportingFiles */ = {
			isa = PBXGroup;
			children = (
				4118592C2CBB23F100EFBA1B /* music.m4a */,
				411859022CBAE37A00EFBA1B /* Preview Content */,
				411859002CBAE37A00EFBA1B /* Assets.xcassets */,
			);
			path = SupportingFiles;
			sourceTree = "<group>";
		};
		4118590C2CBAE5E400EFBA1B /* Models */ = {
			isa = PBXGroup;
			children = (
				4118590F2CBAE86E00EFBA1B /* AnimationChapterTyp.swift */,
				411859112CBAE8D400EFBA1B /* AnimationChapterModel.swift */,
			);
			path = Models;
			sourceTree = "<group>";
		};
		4118590D2CBAE5EB00EFBA1B /* ViewModels */ = {
			isa = PBXGroup;
			children = (
				411859132CBAE93F00EFBA1B /* HomeViewModel.swift */,
				411859152CBAE9E400EFBA1B /* ChapterListViewModel.swift */,
				411859332CBB2B9E00EFBA1B /* AudioPlayer.swift */,
			);
			path = ViewModels;
			sourceTree = "<group>";
		};
		4118590E2CBAE5F100EFBA1B /* Views */ = {
			isa = PBXGroup;
			children = (
				411859232CBB0A2900EFBA1B /* Chaters */,
				411858FE2CBAE37800EFBA1B /* HomeView.swift */,
				411859182CBAEB0F00EFBA1B /* ChapterListView.swift */,
				4118591A2CBAED9900EFBA1B /* ChapterViewFactory.swift */,
				4118591C2CBAF05100EFBA1B /* ChapterCardView.swift */,
			);
			path = Views;
			sourceTree = "<group>";
		};
		4118591E2CBAFA6700EFBA1B /* Router */ = {
			isa = PBXGroup;
			children = (
				4118591F2CBAFA8400EFBA1B /* AppRoute.swift */,
				411859212CBAFAB600EFBA1B /* AppRouter.swift */,
			);
			path = Router;
			sourceTree = "<group>";
		};
		411859232CBB0A2900EFBA1B /* Chaters */ = {
			isa = PBXGroup;
			children = (
				411859292CBB233400EFBA1B /* RecordPlayerAnimation */,
				411859242CBB0A4300EFBA1B /* BreathingViewAnimation */,
			);
			path = Chaters;
			sourceTree = "<group>";
		};
		411859242CBB0A4300EFBA1B /* BreathingViewAnimation */ = {
			isa = PBXGroup;
			children = (
				411859252CBB0A6100EFBA1B /* BreathingAnimationExampleView.swift */,
				411859272CBB107500EFBA1B /* BreathingAnimatingView.swift */,
			);
			path = BreathingViewAnimation;
			sourceTree = "<group>";
		};
		411859292CBB233400EFBA1B /* RecordPlayerAnimation */ = {
			isa = PBXGroup;
			children = (
				4118592A2CBB235900EFBA1B /* RecordPlayerAnimationExample.swift */,
				4118592D2CBB242C00EFBA1B /* RecordPlayerBoxView.swift */,
				4118592F2CBB257A00EFBA1B /* RecordView.swift */,
				411859312CBB263400EFBA1B /* RecordArmView.swift */,
			);
			path = RecordPlayerAnimation;
			sourceTree = "<group>";
		};
/* End PBXGroup section */

/* Begin PBXNativeTarget section */
		411858F82CBAE37800EFBA1B /* SwiftUIAnimationCourse */ = {
			isa = PBXNativeTarget;
			buildConfigurationList = 411859072CBAE37A00EFBA1B /* Build configuration list for PBXNativeTarget "SwiftUIAnimationCourse" */;
			buildPhases = (
				411858F52CBAE37800EFBA1B /* Sources */,
				411858F62CBAE37800EFBA1B /* Frameworks */,
				411858F72CBAE37800EFBA1B /* Resources */,
			);
			buildRules = (
			);
			dependencies = (
			);
			name = SwiftUIAnimationCourse;
			productName = SwiftUIAnimationCourse;
			productReference = 411858F92CBAE37800EFBA1B /* SwiftUIAnimationCourse.app */;
			productType = "com.apple.product-type.application";
		};
/* End PBXNativeTarget section */

/* Begin PBXProject section */
		411858F12CBAE37800EFBA1B /* Project object */ = {
			isa = PBXProject;
			attributes = {
				BuildIndependentTargetsInParallel = 1;
				LastSwiftUpdateCheck = 1530;
				LastUpgradeCheck = 1530;
				TargetAttributes = {
					411858F82CBAE37800EFBA1B = {
						CreatedOnToolsVersion = 15.3;
					};
				};
			};
			buildConfigurationList = 411858F42CBAE37800EFBA1B /* Build configuration list for PBXProject "SwiftUIAnimationCourse" */;
			compatibilityVersion = "Xcode 14.0";
			developmentRegion = en;
			hasScannedForEncodings = 0;
			knownRegions = (
				en,
				Base,
			);
			mainGroup = 411858F02CBAE37800EFBA1B;
			productRefGroup = 411858FA2CBAE37800EFBA1B /* Products */;
			projectDirPath = "";
			projectRoot = "";
			targets = (
				411858F82CBAE37800EFBA1B /* SwiftUIAnimationCourse */,
			);
		};
/* End PBXProject section */

/* Begin PBXResourcesBuildPhase section */
		411858F72CBAE37800EFBA1B /* Resources */ = {
			isa = PBXResourcesBuildPhase;
			buildActionMask = 2147483647;
			files = (
				411859042CBAE37A00EFBA1B /* Preview Assets.xcassets in Resources */,
				411859012CBAE37A00EFBA1B /* Assets.xcassets in Resources */,
				411859352CBB2F8500EFBA1B /* music.m4a in Resources */,
			);
			runOnlyForDeploymentPostprocessing = 0;
		};
/* End PBXResourcesBuildPhase section */

/* Begin PBXSourcesBuildPhase section */
		411858F52CBAE37800EFBA1B /* Sources */ = {
			isa = PBXSourcesBuildPhase;
			buildActionMask = 2147483647;
			files = (
				4118591D2CBAF05100EFBA1B /* ChapterCardView.swift in Sources */,
				411859162CBAE9E400EFBA1B /* ChapterListViewModel.swift in Sources */,
				411859192CBAEB0F00EFBA1B /* ChapterListView.swift in Sources */,
				4118592B2CBB235900EFBA1B /* RecordPlayerAnimationExample.swift in Sources */,
				411859102CBAE86E00EFBA1B /* AnimationChapterTyp.swift in Sources */,
				411859302CBB257A00EFBA1B /* RecordView.swift in Sources */,
				4118592E2CBB242C00EFBA1B /* RecordPlayerBoxView.swift in Sources */,
				411859322CBB263400EFBA1B /* RecordArmView.swift in Sources */,
				411858FF2CBAE37800EFBA1B /* HomeView.swift in Sources */,
				411859122CBAE8D400EFBA1B /* AnimationChapterModel.swift in Sources */,
				4118591B2CBAED9900EFBA1B /* ChapterViewFactory.swift in Sources */,
				411859342CBB2B9E00EFBA1B /* AudioPlayer.swift in Sources */,
				411859262CBB0A6100EFBA1B /* BreathingAnimationExampleView.swift in Sources */,
				411859282CBB107500EFBA1B /* BreathingAnimatingView.swift in Sources */,
				411859222CBAFAB600EFBA1B /* AppRouter.swift in Sources */,
				411859142CBAE93F00EFBA1B /* HomeViewModel.swift in Sources */,
				411858FD2CBAE37800EFBA1B /* SwiftUIAnimationCourseApp.swift in Sources */,
				411859202CBAFA8400EFBA1B /* AppRoute.swift in Sources */,
			);
			runOnlyForDeploymentPostprocessing = 0;
		};
/* End PBXSourcesBuildPhase section */

/* Begin XCBuildConfiguration section */
		411859052CBAE37A00EFBA1B /* Debug */ = {
			isa = XCBuildConfiguration;
			buildSettings = {
				ALWAYS_SEARCH_USER_PATHS = NO;
				ASSETCATALOG_COMPILER_GENERATE_SWIFT_ASSET_SYMBOL_EXTENSIONS = YES;
				CLANG_ANALYZER_NONNULL = YES;
				CLANG_ANALYZER_NUMBER_OBJECT_CONVERSION = YES_AGGRESSIVE;
				CLANG_CXX_LANGUAGE_STANDARD = "gnu++20";
				CLANG_ENABLE_MODULES = YES;
				CLANG_ENABLE_OBJC_ARC = YES;
				CLANG_ENABLE_OBJC_WEAK = YES;
				CLANG_WARN_BLOCK_CAPTURE_AUTORELEASING = YES;
				CLANG_WARN_BOOL_CONVERSION = YES;
				CLANG_WARN_COMMA = YES;
				CLANG_WARN_CONSTANT_CONVERSION = YES;
				CLANG_WARN_DEPRECATED_OBJC_IMPLEMENTATIONS = YES;
				CLANG_WARN_DIRECT_OBJC_ISA_USAGE = YES_ERROR;
				CLANG_WARN_DOCUMENTATION_COMMENTS = YES;
				CLANG_WARN_EMPTY_BODY = YES;
				CLANG_WARN_ENUM_CONVERSION = YES;
				CLANG_WARN_INFINITE_RECURSION = YES;
				CLANG_WARN_INT_CONVERSION = YES;
				CLANG_WARN_NON_LITERAL_NULL_CONVERSION = YES;
				CLANG_WARN_OBJC_IMPLICIT_RETAIN_SELF = YES;
				CLANG_WARN_OBJC_LITERAL_CONVERSION = YES;
				CLANG_WARN_OBJC_ROOT_CLASS = YES_ERROR;
				CLANG_WARN_QUOTED_INCLUDE_IN_FRAMEWORK_HEADER = YES;
				CLANG_WARN_RANGE_LOOP_ANALYSIS = YES;
				CLANG_WARN_STRICT_PROTOTYPES = YES;
				CLANG_WARN_SUSPICIOUS_MOVE = YES;
				CLANG_WARN_UNGUARDED_AVAILABILITY = YES_AGGRESSIVE;
				CLANG_WARN_UNREACHABLE_CODE = YES;
				CLANG_WARN__DUPLICATE_METHOD_MATCH = YES;
				COPY_PHASE_STRIP = NO;
				DEBUG_INFORMATION_FORMAT = dwarf;
				ENABLE_STRICT_OBJC_MSGSEND = YES;
				ENABLE_TESTABILITY = YES;
				ENABLE_USER_SCRIPT_SANDBOXING = YES;
				GCC_C_LANGUAGE_STANDARD = gnu17;
				GCC_DYNAMIC_NO_PIC = NO;
				GCC_NO_COMMON_BLOCKS = YES;
				GCC_OPTIMIZATION_LEVEL = 0;
				GCC_PREPROCESSOR_DEFINITIONS = (
					"DEBUG=1",
					"$(inherited)",
				);
				GCC_WARN_64_TO_32_BIT_CONVERSION = YES;
				GCC_WARN_ABOUT_RETURN_TYPE = YES_ERROR;
				GCC_WARN_UNDECLARED_SELECTOR = YES;
				GCC_WARN_UNINITIALIZED_AUTOS = YES_AGGRESSIVE;
				GCC_WARN_UNUSED_FUNCTION = YES;
				GCC_WARN_UNUSED_VARIABLE = YES;
				IPHONEOS_DEPLOYMENT_TARGET = 17.4;
				LOCALIZATION_PREFERS_STRING_CATALOGS = YES;
				MTL_ENABLE_DEBUG_INFO = INCLUDE_SOURCE;
				MTL_FAST_MATH = YES;
				ONLY_ACTIVE_ARCH = YES;
				SDKROOT = iphoneos;
				SWIFT_ACTIVE_COMPILATION_CONDITIONS = "DEBUG $(inherited)";
				SWIFT_OPTIMIZATION_LEVEL = "-Onone";
			};
			name = Debug;
		};
		411859062CBAE37A00EFBA1B /* Release */ = {
			isa = XCBuildConfiguration;
			buildSettings = {
				ALWAYS_SEARCH_USER_PATHS = NO;
				ASSETCATALOG_COMPILER_GENERATE_SWIFT_ASSET_SYMBOL_EXTENSIONS = YES;
				CLANG_ANALYZER_NONNULL = YES;
				CLANG_ANALYZER_NUMBER_OBJECT_CONVERSION = YES_AGGRESSIVE;
				CLANG_CXX_LANGUAGE_STANDARD = "gnu++20";
				CLANG_ENABLE_MODULES = YES;
				CLANG_ENABLE_OBJC_ARC = YES;
				CLANG_ENABLE_OBJC_WEAK = YES;
				CLANG_WARN_BLOCK_CAPTURE_AUTORELEASING = YES;
				CLANG_WARN_BOOL_CONVERSION = YES;
				CLANG_WARN_COMMA = YES;
				CLANG_WARN_CONSTANT_CONVERSION = YES;
				CLANG_WARN_DEPRECATED_OBJC_IMPLEMENTATIONS = YES;
				CLANG_WARN_DIRECT_OBJC_ISA_USAGE = YES_ERROR;
				CLANG_WARN_DOCUMENTATION_COMMENTS = YES;
				CLANG_WARN_EMPTY_BODY = YES;
				CLANG_WARN_ENUM_CONVERSION = YES;
				CLANG_WARN_INFINITE_RECURSION = YES;
				CLANG_WARN_INT_CONVERSION = YES;
				CLANG_WARN_NON_LITERAL_NULL_CONVERSION = YES;
				CLANG_WARN_OBJC_IMPLICIT_RETAIN_SELF = YES;
				CLANG_WARN_OBJC_LITERAL_CONVERSION = YES;
				CLANG_WARN_OBJC_ROOT_CLASS = YES_ERROR;
				CLANG_WARN_QUOTED_INCLUDE_IN_FRAMEWORK_HEADER = YES;
				CLANG_WARN_RANGE_LOOP_ANALYSIS = YES;
				CLANG_WARN_STRICT_PROTOTYPES = YES;
				CLANG_WARN_SUSPICIOUS_MOVE = YES;
				CLANG_WARN_UNGUARDED_AVAILABILITY = YES_AGGRESSIVE;
				CLANG_WARN_UNREACHABLE_CODE = YES;
				CLANG_WARN__DUPLICATE_METHOD_MATCH = YES;
				COPY_PHASE_STRIP = NO;
				DEBUG_INFORMATION_FORMAT = "dwarf-with-dsym";
				ENABLE_NS_ASSERTIONS = NO;
				ENABLE_STRICT_OBJC_MSGSEND = YES;
				ENABLE_USER_SCRIPT_SANDBOXING = YES;
				GCC_C_LANGUAGE_STANDARD = gnu17;
				GCC_NO_COMMON_BLOCKS = YES;
				GCC_WARN_64_TO_32_BIT_CONVERSION = YES;
				GCC_WARN_ABOUT_RETURN_TYPE = YES_ERROR;
				GCC_WARN_UNDECLARED_SELECTOR = YES;
				GCC_WARN_UNINITIALIZED_AUTOS = YES_AGGRESSIVE;
				GCC_WARN_UNUSED_FUNCTION = YES;
				GCC_WARN_UNUSED_VARIABLE = YES;
				IPHONEOS_DEPLOYMENT_TARGET = 17.4;
				LOCALIZATION_PREFERS_STRING_CATALOGS = YES;
				MTL_ENABLE_DEBUG_INFO = NO;
				MTL_FAST_MATH = YES;
				SDKROOT = iphoneos;
				SWIFT_COMPILATION_MODE = wholemodule;
				VALIDATE_PRODUCT = YES;
			};
			name = Release;
		};
		411859082CBAE37A00EFBA1B /* Debug */ = {
			isa = XCBuildConfiguration;
			buildSettings = {
				ASSETCATALOG_COMPILER_APPICON_NAME = AppIcon;
				ASSETCATALOG_COMPILER_GLOBAL_ACCENT_COLOR_NAME = AccentColor;
				CODE_SIGN_STYLE = Automatic;
				CURRENT_PROJECT_VERSION = 1;
				DEVELOPMENT_ASSET_PATHS = "\"SwiftUIAnimationCourse/SupportingFiles/Preview Content\"";
				DEVELOPMENT_TEAM = FD8PNH493T;
				ENABLE_PREVIEWS = YES;
				GENERATE_INFOPLIST_FILE = YES;
				INFOPLIST_KEY_UIApplicationSceneManifest_Generation = YES;
				INFOPLIST_KEY_UIApplicationSupportsIndirectInputEvents = YES;
				INFOPLIST_KEY_UILaunchScreen_Generation = YES;
				INFOPLIST_KEY_UISupportedInterfaceOrientations_iPad = "UIInterfaceOrientationPortrait UIInterfaceOrientationPortraitUpsideDown UIInterfaceOrientationLandscapeLeft UIInterfaceOrientationLandscapeRight";
				INFOPLIST_KEY_UISupportedInterfaceOrientations_iPhone = "UIInterfaceOrientationPortrait UIInterfaceOrientationLandscapeLeft UIInterfaceOrientationLandscapeRight";
				LD_RUNPATH_SEARCH_PATHS = (
					"$(inherited)",
					"@executable_path/Frameworks",
				);
				MARKETING_VERSION = 1.0;
				PRODUCT_BUNDLE_IDENTIFIER = com.govindmulgir.SwiftUIAnimationCourse;
				PRODUCT_NAME = "$(TARGET_NAME)";
				SWIFT_EMIT_LOC_STRINGS = YES;
				SWIFT_VERSION = 5.0;
				TARGETED_DEVICE_FAMILY = "1,2";
			};
			name = Debug;
		};
		411859092CBAE37A00EFBA1B /* Release */ = {
			isa = XCBuildConfiguration;
			buildSettings = {
				ASSETCATALOG_COMPILER_APPICON_NAME = AppIcon;
				ASSETCATALOG_COMPILER_GLOBAL_ACCENT_COLOR_NAME = AccentColor;
				CODE_SIGN_STYLE = Automatic;
				CURRENT_PROJECT_VERSION = 1;
				DEVELOPMENT_ASSET_PATHS = "\"SwiftUIAnimationCourse/SupportingFiles/Preview Content\"";
				DEVELOPMENT_TEAM = FD8PNH493T;
				ENABLE_PREVIEWS = YES;
				GENERATE_INFOPLIST_FILE = YES;
				INFOPLIST_KEY_UIApplicationSceneManifest_Generation = YES;
				INFOPLIST_KEY_UIApplicationSupportsIndirectInputEvents = YES;
				INFOPLIST_KEY_UILaunchScreen_Generation = YES;
				INFOPLIST_KEY_UISupportedInterfaceOrientations_iPad = "UIInterfaceOrientationPortrait UIInterfaceOrientationPortraitUpsideDown UIInterfaceOrientationLandscapeLeft UIInterfaceOrientationLandscapeRight";
				INFOPLIST_KEY_UISupportedInterfaceOrientations_iPhone = "UIInterfaceOrientationPortrait UIInterfaceOrientationLandscapeLeft UIInterfaceOrientationLandscapeRight";
				LD_RUNPATH_SEARCH_PATHS = (
					"$(inherited)",
					"@executable_path/Frameworks",
				);
				MARKETING_VERSION = 1.0;
				PRODUCT_BUNDLE_IDENTIFIER = com.govindmulgir.SwiftUIAnimationCourse;
				PRODUCT_NAME = "$(TARGET_NAME)";
				SWIFT_EMIT_LOC_STRINGS = YES;
				SWIFT_VERSION = 5.0;
				TARGETED_DEVICE_FAMILY = "1,2";
			};
			name = Release;
		};
/* End XCBuildConfiguration section */

/* Begin XCConfigurationList section */
		411858F42CBAE37800EFBA1B /* Build configuration list for PBXProject "SwiftUIAnimationCourse" */ = {
			isa = XCConfigurationList;
			buildConfigurations = (
				411859052CBAE37A00EFBA1B /* Debug */,
				411859062CBAE37A00EFBA1B /* Release */,
			);
			defaultConfigurationIsVisible = 0;
			defaultConfigurationName = Release;
		};
		411859072CBAE37A00EFBA1B /* Build configuration list for PBXNativeTarget "SwiftUIAnimationCourse" */ = {
			isa = XCConfigurationList;
			buildConfigurations = (
				411859082CBAE37A00EFBA1B /* Debug */,
				411859092CBAE37A00EFBA1B /* Release */,
			);
			defaultConfigurationIsVisible = 0;
			defaultConfigurationName = Release;
		};
/* End XCConfigurationList section */
	};
	rootObject = 411858F12CBAE37800EFBA1B /* Project object */;
}
